// !$*UTF8*$!
{
	archiveVersion = 1;
	classes = {
	};
	objectVersion = 56;
	objects = {

/* Begin PBXBuildFile section */
		A4A0D9392B0C74A3002A0F7B /* AppDelegate.swift in Sources */ = {isa = PBXBuildFile; fileRef = A4A0D9382B0C74A3002A0F7B /* AppDelegate.swift */; };
		A4A0D93B2B0C74A3002A0F7B /* SceneDelegate.swift in Sources */ = {isa = PBXBuildFile; fileRef = A4A0D93A2B0C74A3002A0F7B /* SceneDelegate.swift */; };
		A4A0D93D2B0C74A3002A0F7B /* LoginViewController.swift in Sources */ = {isa = PBXBuildFile; fileRef = A4A0D93C2B0C74A3002A0F7B /* LoginViewController.swift */; };
		A4A0D9402B0C74A3002A0F7B /* Main.storyboard in Resources */ = {isa = PBXBuildFile; fileRef = A4A0D93E2B0C74A3002A0F7B /* Main.storyboard */; };
		A4A0D9432B0C74A3002A0F7B /* CaploitteNews.xcdatamodeld in Sources */ = {isa = PBXBuildFile; fileRef = A4A0D9412B0C74A3002A0F7B /* CaploitteNews.xcdatamodeld */; };
		A4A0D9452B0C74A7002A0F7B /* Assets.xcassets in Resources */ = {isa = PBXBuildFile; fileRef = A4A0D9442B0C74A7002A0F7B /* Assets.xcassets */; };
		A4A0D9482B0C74A7002A0F7B /* LaunchScreen.storyboard in Resources */ = {isa = PBXBuildFile; fileRef = A4A0D9462B0C74A7002A0F7B /* LaunchScreen.storyboard */; };
		A4A0D9532B0C74A7002A0F7B /* CaploitteNewsTests.swift in Sources */ = {isa = PBXBuildFile; fileRef = A4A0D9522B0C74A7002A0F7B /* CaploitteNewsTests.swift */; };
		A4A0D95D2B0C74A7002A0F7B /* CaploitteNewsUITests.swift in Sources */ = {isa = PBXBuildFile; fileRef = A4A0D95C2B0C74A7002A0F7B /* CaploitteNewsUITests.swift */; };
		A4A0D95F2B0C74A7002A0F7B /* CaploitteNewsUITestsLaunchTests.swift in Sources */ = {isa = PBXBuildFile; fileRef = A4A0D95E2B0C74A7002A0F7B /* CaploitteNewsUITestsLaunchTests.swift */; };
		A4A0D9872B0C8AD5002A0F7B /* Nunito-Regular.ttf in Resources */ = {isa = PBXBuildFile; fileRef = A4A0D9732B0C8AD5002A0F7B /* Nunito-Regular.ttf */; };
		A4A0D9882B0C8AD5002A0F7B /* Nunito-Regular.ttf in Resources */ = {isa = PBXBuildFile; fileRef = A4A0D9732B0C8AD5002A0F7B /* Nunito-Regular.ttf */; };
		A4A0D9892B0C8AD5002A0F7B /* Nunito-Regular.ttf in Resources */ = {isa = PBXBuildFile; fileRef = A4A0D9732B0C8AD5002A0F7B /* Nunito-Regular.ttf */; };
		A4A0D9902B0C8AD6002A0F7B /* Nunito-Black.ttf in Resources */ = {isa = PBXBuildFile; fileRef = A4A0D9762B0C8AD5002A0F7B /* Nunito-Black.ttf */; };
		A4A0D9912B0C8AD6002A0F7B /* Nunito-Black.ttf in Resources */ = {isa = PBXBuildFile; fileRef = A4A0D9762B0C8AD5002A0F7B /* Nunito-Black.ttf */; };
		A4A0D9922B0C8AD6002A0F7B /* Nunito-Black.ttf in Resources */ = {isa = PBXBuildFile; fileRef = A4A0D9762B0C8AD5002A0F7B /* Nunito-Black.ttf */; };
		A4A0D9962B0C8AD6002A0F7B /* Nunito-Bold.ttf in Resources */ = {isa = PBXBuildFile; fileRef = A4A0D9782B0C8AD5002A0F7B /* Nunito-Bold.ttf */; };
		A4A0D9972B0C8AD6002A0F7B /* Nunito-Bold.ttf in Resources */ = {isa = PBXBuildFile; fileRef = A4A0D9782B0C8AD5002A0F7B /* Nunito-Bold.ttf */; };
		A4A0D9982B0C8AD6002A0F7B /* Nunito-Bold.ttf in Resources */ = {isa = PBXBuildFile; fileRef = A4A0D9782B0C8AD5002A0F7B /* Nunito-Bold.ttf */; };
		A4A0D9A22B0C8AD6002A0F7B /* Nunito-Medium.ttf in Resources */ = {isa = PBXBuildFile; fileRef = A4A0D97C2B0C8AD5002A0F7B /* Nunito-Medium.ttf */; };
		A4A0D9A32B0C8AD6002A0F7B /* Nunito-Medium.ttf in Resources */ = {isa = PBXBuildFile; fileRef = A4A0D97C2B0C8AD5002A0F7B /* Nunito-Medium.ttf */; };
		A4A0D9A42B0C8AD6002A0F7B /* Nunito-Medium.ttf in Resources */ = {isa = PBXBuildFile; fileRef = A4A0D97C2B0C8AD5002A0F7B /* Nunito-Medium.ttf */; };
		A4A0D9A82B0C8AD6002A0F7B /* Nunito-SemiBold.ttf in Resources */ = {isa = PBXBuildFile; fileRef = A4A0D97E2B0C8AD5002A0F7B /* Nunito-SemiBold.ttf */; };
		A4A0D9A92B0C8AD6002A0F7B /* Nunito-SemiBold.ttf in Resources */ = {isa = PBXBuildFile; fileRef = A4A0D97E2B0C8AD5002A0F7B /* Nunito-SemiBold.ttf */; };
		A4A0D9AA2B0C8AD6002A0F7B /* Nunito-SemiBold.ttf in Resources */ = {isa = PBXBuildFile; fileRef = A4A0D97E2B0C8AD5002A0F7B /* Nunito-SemiBold.ttf */; };
		A4A0D9B32B0C8D86002A0F7B /* NewYorkMedium-Bold.ttf in Resources */ = {isa = PBXBuildFile; fileRef = A4A0D9B12B0C8D86002A0F7B /* NewYorkMedium-Bold.ttf */; };
		A4A0D9B42B0C8D86002A0F7B /* NewYorkMedium-Bold.ttf in Resources */ = {isa = PBXBuildFile; fileRef = A4A0D9B12B0C8D86002A0F7B /* NewYorkMedium-Bold.ttf */; };
		A4A0D9B52B0C8D86002A0F7B /* NewYorkMedium-Bold.ttf in Resources */ = {isa = PBXBuildFile; fileRef = A4A0D9B12B0C8D86002A0F7B /* NewYorkMedium-Bold.ttf */; };
		A4A0D9B62B0C8D86002A0F7B /* NewYorkMedium-Semibold.ttf in Resources */ = {isa = PBXBuildFile; fileRef = A4A0D9B22B0C8D86002A0F7B /* NewYorkMedium-Semibold.ttf */; };
		A4A0D9B72B0C8D86002A0F7B /* NewYorkMedium-Semibold.ttf in Resources */ = {isa = PBXBuildFile; fileRef = A4A0D9B22B0C8D86002A0F7B /* NewYorkMedium-Semibold.ttf */; };
		A4A0D9B82B0C8D86002A0F7B /* NewYorkMedium-Semibold.ttf in Resources */ = {isa = PBXBuildFile; fileRef = A4A0D9B22B0C8D86002A0F7B /* NewYorkMedium-Semibold.ttf */; };
		A4A0D9BA2B0C8DE4002A0F7B /* Nunito-Light.ttf in Resources */ = {isa = PBXBuildFile; fileRef = A4A0D9B92B0C8DE4002A0F7B /* Nunito-Light.ttf */; };
		A4A0D9BB2B0C8DE4002A0F7B /* Nunito-Light.ttf in Resources */ = {isa = PBXBuildFile; fileRef = A4A0D9B92B0C8DE4002A0F7B /* Nunito-Light.ttf */; };
		A4A0D9BC2B0C8DE4002A0F7B /* Nunito-Light.ttf in Resources */ = {isa = PBXBuildFile; fileRef = A4A0D9B92B0C8DE4002A0F7B /* Nunito-Light.ttf */; };
		A4A0D9C02B0D149D002A0F7B /* Constants.swift in Sources */ = {isa = PBXBuildFile; fileRef = A4A0D9BF2B0D149D002A0F7B /* Constants.swift */; };
		A4A0D9C12B0D149D002A0F7B /* Constants.swift in Sources */ = {isa = PBXBuildFile; fileRef = A4A0D9BF2B0D149D002A0F7B /* Constants.swift */; };
		A4A0D9C22B0D149D002A0F7B /* Constants.swift in Sources */ = {isa = PBXBuildFile; fileRef = A4A0D9BF2B0D149D002A0F7B /* Constants.swift */; };
		A4A0D9C42B0D1501002A0F7B /* AppFonts.swift in Sources */ = {isa = PBXBuildFile; fileRef = A4A0D9C32B0D1501002A0F7B /* AppFonts.swift */; };
		A4A0D9C52B0D1501002A0F7B /* AppFonts.swift in Sources */ = {isa = PBXBuildFile; fileRef = A4A0D9C32B0D1501002A0F7B /* AppFonts.swift */; };
		A4A0D9C62B0D1501002A0F7B /* AppFonts.swift in Sources */ = {isa = PBXBuildFile; fileRef = A4A0D9C32B0D1501002A0F7B /* AppFonts.swift */; };
		A4A0D9C82B0D1543002A0F7B /* UsableFunctions.swift in Sources */ = {isa = PBXBuildFile; fileRef = A4A0D9C72B0D1543002A0F7B /* UsableFunctions.swift */; };
		A4A0D9C92B0D1543002A0F7B /* UsableFunctions.swift in Sources */ = {isa = PBXBuildFile; fileRef = A4A0D9C72B0D1543002A0F7B /* UsableFunctions.swift */; };
		A4A0D9CA2B0D1543002A0F7B /* UsableFunctions.swift in Sources */ = {isa = PBXBuildFile; fileRef = A4A0D9C72B0D1543002A0F7B /* UsableFunctions.swift */; };
		A4A0D9CC2B0D158E002A0F7B /* ViewControllerLocator.swift in Sources */ = {isa = PBXBuildFile; fileRef = A4A0D9CB2B0D158E002A0F7B /* ViewControllerLocator.swift */; };
		A4A0D9CD2B0D158E002A0F7B /* ViewControllerLocator.swift in Sources */ = {isa = PBXBuildFile; fileRef = A4A0D9CB2B0D158E002A0F7B /* ViewControllerLocator.swift */; };
		A4A0D9CE2B0D158E002A0F7B /* ViewControllerLocator.swift in Sources */ = {isa = PBXBuildFile; fileRef = A4A0D9CB2B0D158E002A0F7B /* ViewControllerLocator.swift */; };
		A4A0D9D12B0D15FB002A0F7B /* ButtonExtensions.swift in Sources */ = {isa = PBXBuildFile; fileRef = A4A0D9D02B0D15FB002A0F7B /* ButtonExtensions.swift */; };
		A4A0D9D22B0D15FB002A0F7B /* ButtonExtensions.swift in Sources */ = {isa = PBXBuildFile; fileRef = A4A0D9D02B0D15FB002A0F7B /* ButtonExtensions.swift */; };
		A4A0D9D32B0D15FB002A0F7B /* ButtonExtensions.swift in Sources */ = {isa = PBXBuildFile; fileRef = A4A0D9D02B0D15FB002A0F7B /* ButtonExtensions.swift */; };
		A4A0D9D62B0D177A002A0F7B /* SDWebImage in Frameworks */ = {isa = PBXBuildFile; productRef = A4A0D9D52B0D177A002A0F7B /* SDWebImage */; };
		A4A0D9D82B0D194D002A0F7B /* SignupViewcontroller.swift in Sources */ = {isa = PBXBuildFile; fileRef = A4A0D9D72B0D194D002A0F7B /* SignupViewcontroller.swift */; };
		A4A0D9D92B0D194D002A0F7B /* SignupViewcontroller.swift in Sources */ = {isa = PBXBuildFile; fileRef = A4A0D9D72B0D194D002A0F7B /* SignupViewcontroller.swift */; };
		A4A0D9DA2B0D194D002A0F7B /* SignupViewcontroller.swift in Sources */ = {isa = PBXBuildFile; fileRef = A4A0D9D72B0D194D002A0F7B /* SignupViewcontroller.swift */; };
		A4A0D9DC2B0D29E9002A0F7B /* Assets.xcassets in Resources */ = {isa = PBXBuildFile; fileRef = A4A0D9442B0C74A7002A0F7B /* Assets.xcassets */; };
		A4A0D9DD2B0D29EA002A0F7B /* Assets.xcassets in Resources */ = {isa = PBXBuildFile; fileRef = A4A0D9442B0C74A7002A0F7B /* Assets.xcassets */; };
		A4A0D9DF2B0D2E26002A0F7B /* UITextFieldExtensions.swift in Sources */ = {isa = PBXBuildFile; fileRef = A4A0D9DE2B0D2E26002A0F7B /* UITextFieldExtensions.swift */; };
		A4A0D9E12B0D32D5002A0F7B /* User.swift in Sources */ = {isa = PBXBuildFile; fileRef = A4A0D9E02B0D32D5002A0F7B /* User.swift */; };
		A4A0D9E42B0D46A2002A0F7B /* RNCryptor in Frameworks */ = {isa = PBXBuildFile; productRef = A4A0D9E32B0D46A2002A0F7B /* RNCryptor */; };
		A4A0D9E62B0D4B3F002A0F7B /* Dashboard.storyboard in Resources */ = {isa = PBXBuildFile; fileRef = A4A0D9E52B0D4B3F002A0F7B /* Dashboard.storyboard */; };
		A4A0D9E82B0D4B76002A0F7B /* DashboardViewController.swift in Sources */ = {isa = PBXBuildFile; fileRef = A4A0D9E72B0D4B76002A0F7B /* DashboardViewController.swift */; };
		A4A0D9EB2B0D54FD002A0F7B /* LatestNewsCollectionViewCell.swift in Sources */ = {isa = PBXBuildFile; fileRef = A4A0D9E92B0D54FD002A0F7B /* LatestNewsCollectionViewCell.swift */; };
		A4A0D9EC2B0D54FD002A0F7B /* LatestNewsCollectionViewCell.xib in Resources */ = {isa = PBXBuildFile; fileRef = A4A0D9EA2B0D54FD002A0F7B /* LatestNewsCollectionViewCell.xib */; };
		A4A0D9EE2B0D55FA002A0F7B /* News.swift in Sources */ = {isa = PBXBuildFile; fileRef = A4A0D9ED2B0D55FA002A0F7B /* News.swift */; };
		A4A0D9F02B0D57DE002A0F7B /* DashboardViewModel.swift in Sources */ = {isa = PBXBuildFile; fileRef = A4A0D9EF2B0D57DE002A0F7B /* DashboardViewModel.swift */; };
		A4A0D9F22B0D58B3002A0F7B /* APIService.swift in Sources */ = {isa = PBXBuildFile; fileRef = A4A0D9F12B0D58B3002A0F7B /* APIService.swift */; };
		A4A0D9F42B0D6314002A0F7B /* LatestNewsDataSource.swift in Sources */ = {isa = PBXBuildFile; fileRef = A4A0D9F32B0D6314002A0F7B /* LatestNewsDataSource.swift */; };
		A4A0D9F62B0DC4A6002A0F7B /* NewsDetailViewController.swift in Sources */ = {isa = PBXBuildFile; fileRef = A4A0D9F52B0DC4A6002A0F7B /* NewsDetailViewController.swift */; };
		A4A0D9F82B0DC596002A0F7B /* ViewExtensions.swift in Sources */ = {isa = PBXBuildFile; fileRef = A4A0D9F72B0DC596002A0F7B /* ViewExtensions.swift */; };
		A4A0D9FB2B0E6F44002A0F7B /* ButtonCollectionViewCell.swift in Sources */ = {isa = PBXBuildFile; fileRef = A4A0D9F92B0E6F44002A0F7B /* ButtonCollectionViewCell.swift */; };
		A4A0D9FC2B0E6F44002A0F7B /* ButtonCollectionViewCell.xib in Resources */ = {isa = PBXBuildFile; fileRef = A4A0D9FA2B0E6F44002A0F7B /* ButtonCollectionViewCell.xib */; };
		A4A0D9FF2B0E7F01002A0F7B /* NewsTableViewCell.swift in Sources */ = {isa = PBXBuildFile; fileRef = A4A0D9FD2B0E7F01002A0F7B /* NewsTableViewCell.swift */; };
		A4A0DA002B0E7F01002A0F7B /* NewsTableViewCell.xib in Resources */ = {isa = PBXBuildFile; fileRef = A4A0D9FE2B0E7F01002A0F7B /* NewsTableViewCell.xib */; };
		A4A0DA022B0E8422002A0F7B /* FilteredNewsDataSource.swift in Sources */ = {isa = PBXBuildFile; fileRef = A4A0DA012B0E8422002A0F7B /* FilteredNewsDataSource.swift */; };
		A4A0DA042B0E858A002A0F7B /* FilteredDashboardViewModel.swift in Sources */ = {isa = PBXBuildFile; fileRef = A4A0DA032B0E858A002A0F7B /* FilteredDashboardViewModel.swift */; };
		A4A0DA062B0EA60B002A0F7B /* SearchViewController.swift in Sources */ = {isa = PBXBuildFile; fileRef = A4A0DA052B0EA60B002A0F7B /* SearchViewController.swift */; };
		A4A0DA092B0EC7EB002A0F7B /* FilterButtonCollectionViewCell.swift in Sources */ = {isa = PBXBuildFile; fileRef = A4A0DA072B0EC7EB002A0F7B /* FilterButtonCollectionViewCell.swift */; };
		A4A0DA0A2B0EC7EB002A0F7B /* FilterButtonCollectionViewCell.xib in Resources */ = {isa = PBXBuildFile; fileRef = A4A0DA082B0EC7EB002A0F7B /* FilterButtonCollectionViewCell.xib */; };
		A4A0DA0C2B0ECEEB002A0F7B /* Filter.swift in Sources */ = {isa = PBXBuildFile; fileRef = A4A0DA0B2B0ECEEB002A0F7B /* Filter.swift */; };
		A4A0DA0E2B0F3901002A0F7B /* SearchViewModel.swift in Sources */ = {isa = PBXBuildFile; fileRef = A4A0DA0D2B0F3901002A0F7B /* SearchViewModel.swift */; };
		A4A0DA102B0F3D3F002A0F7B /* SearchNewsDataSource.swift in Sources */ = {isa = PBXBuildFile; fileRef = A4A0DA0F2B0F3D3F002A0F7B /* SearchNewsDataSource.swift */; };
/* End PBXBuildFile section */

/* Begin PBXContainerItemProxy section */
		A4A0D94F2B0C74A7002A0F7B /* PBXContainerItemProxy */ = {
			isa = PBXContainerItemProxy;
			containerPortal = A4A0D92D2B0C74A3002A0F7B /* Project object */;
			proxyType = 1;
			remoteGlobalIDString = A4A0D9342B0C74A3002A0F7B;
			remoteInfo = CaploitteNews;
		};
		A4A0D9592B0C74A7002A0F7B /* PBXContainerItemProxy */ = {
			isa = PBXContainerItemProxy;
			containerPortal = A4A0D92D2B0C74A3002A0F7B /* Project object */;
			proxyType = 1;
			remoteGlobalIDString = A4A0D9342B0C74A3002A0F7B;
			remoteInfo = CaploitteNews;
		};
/* End PBXContainerItemProxy section */

/* Begin PBXFileReference section */
		A4A0D9352B0C74A3002A0F7B /* CaploitteNews.app */ = {isa = PBXFileReference; explicitFileType = wrapper.application; includeInIndex = 0; path = CaploitteNews.app; sourceTree = BUILT_PRODUCTS_DIR; };
		A4A0D9382B0C74A3002A0F7B /* AppDelegate.swift */ = {isa = PBXFileReference; lastKnownFileType = sourcecode.swift; path = AppDelegate.swift; sourceTree = "<group>"; };
		A4A0D93A2B0C74A3002A0F7B /* SceneDelegate.swift */ = {isa = PBXFileReference; lastKnownFileType = sourcecode.swift; path = SceneDelegate.swift; sourceTree = "<group>"; };
		A4A0D93C2B0C74A3002A0F7B /* LoginViewController.swift */ = {isa = PBXFileReference; lastKnownFileType = sourcecode.swift; path = LoginViewController.swift; sourceTree = "<group>"; };
		A4A0D93F2B0C74A3002A0F7B /* Base */ = {isa = PBXFileReference; lastKnownFileType = file.storyboard; name = Base; path = Base.lproj/Main.storyboard; sourceTree = "<group>"; };
		A4A0D9422B0C74A3002A0F7B /* CaploitteNews.xcdatamodel */ = {isa = PBXFileReference; lastKnownFileType = wrapper.xcdatamodel; path = CaploitteNews.xcdatamodel; sourceTree = "<group>"; };
		A4A0D9442B0C74A7002A0F7B /* Assets.xcassets */ = {isa = PBXFileReference; lastKnownFileType = folder.assetcatalog; path = Assets.xcassets; sourceTree = "<group>"; };
		A4A0D9472B0C74A7002A0F7B /* Base */ = {isa = PBXFileReference; lastKnownFileType = file.storyboard; name = Base; path = Base.lproj/LaunchScreen.storyboard; sourceTree = "<group>"; };
		A4A0D9492B0C74A7002A0F7B /* Info.plist */ = {isa = PBXFileReference; lastKnownFileType = text.plist.xml; path = Info.plist; sourceTree = "<group>"; };
		A4A0D94E2B0C74A7002A0F7B /* CaploitteNewsTests.xctest */ = {isa = PBXFileReference; explicitFileType = wrapper.cfbundle; includeInIndex = 0; path = CaploitteNewsTests.xctest; sourceTree = BUILT_PRODUCTS_DIR; };
		A4A0D9522B0C74A7002A0F7B /* CaploitteNewsTests.swift */ = {isa = PBXFileReference; lastKnownFileType = sourcecode.swift; path = CaploitteNewsTests.swift; sourceTree = "<group>"; };
		A4A0D9582B0C74A7002A0F7B /* CaploitteNewsUITests.xctest */ = {isa = PBXFileReference; explicitFileType = wrapper.cfbundle; includeInIndex = 0; path = CaploitteNewsUITests.xctest; sourceTree = BUILT_PRODUCTS_DIR; };
		A4A0D95C2B0C74A7002A0F7B /* CaploitteNewsUITests.swift */ = {isa = PBXFileReference; lastKnownFileType = sourcecode.swift; path = CaploitteNewsUITests.swift; sourceTree = "<group>"; };
		A4A0D95E2B0C74A7002A0F7B /* CaploitteNewsUITestsLaunchTests.swift */ = {isa = PBXFileReference; lastKnownFileType = sourcecode.swift; path = CaploitteNewsUITestsLaunchTests.swift; sourceTree = "<group>"; };
		A4A0D9732B0C8AD5002A0F7B /* Nunito-Regular.ttf */ = {isa = PBXFileReference; lastKnownFileType = file; path = "Nunito-Regular.ttf"; sourceTree = "<group>"; };
		A4A0D9762B0C8AD5002A0F7B /* Nunito-Black.ttf */ = {isa = PBXFileReference; lastKnownFileType = file; path = "Nunito-Black.ttf"; sourceTree = "<group>"; };
		A4A0D9782B0C8AD5002A0F7B /* Nunito-Bold.ttf */ = {isa = PBXFileReference; lastKnownFileType = file; path = "Nunito-Bold.ttf"; sourceTree = "<group>"; };
		A4A0D97C2B0C8AD5002A0F7B /* Nunito-Medium.ttf */ = {isa = PBXFileReference; lastKnownFileType = file; path = "Nunito-Medium.ttf"; sourceTree = "<group>"; };
		A4A0D97E2B0C8AD5002A0F7B /* Nunito-SemiBold.ttf */ = {isa = PBXFileReference; lastKnownFileType = file; path = "Nunito-SemiBold.ttf"; sourceTree = "<group>"; };
		A4A0D9B12B0C8D86002A0F7B /* NewYorkMedium-Bold.ttf */ = {isa = PBXFileReference; lastKnownFileType = file; path = "NewYorkMedium-Bold.ttf"; sourceTree = "<group>"; };
		A4A0D9B22B0C8D86002A0F7B /* NewYorkMedium-Semibold.ttf */ = {isa = PBXFileReference; lastKnownFileType = file; path = "NewYorkMedium-Semibold.ttf"; sourceTree = "<group>"; };
		A4A0D9B92B0C8DE4002A0F7B /* Nunito-Light.ttf */ = {isa = PBXFileReference; lastKnownFileType = file; path = "Nunito-Light.ttf"; sourceTree = "<group>"; };
		A4A0D9BF2B0D149D002A0F7B /* Constants.swift */ = {isa = PBXFileReference; lastKnownFileType = sourcecode.swift; path = Constants.swift; sourceTree = "<group>"; };
		A4A0D9C32B0D1501002A0F7B /* AppFonts.swift */ = {isa = PBXFileReference; lastKnownFileType = sourcecode.swift; path = AppFonts.swift; sourceTree = "<group>"; };
		A4A0D9C72B0D1543002A0F7B /* UsableFunctions.swift */ = {isa = PBXFileReference; lastKnownFileType = sourcecode.swift; path = UsableFunctions.swift; sourceTree = "<group>"; };
		A4A0D9CB2B0D158E002A0F7B /* ViewControllerLocator.swift */ = {isa = PBXFileReference; lastKnownFileType = sourcecode.swift; path = ViewControllerLocator.swift; sourceTree = "<group>"; };
		A4A0D9D02B0D15FB002A0F7B /* ButtonExtensions.swift */ = {isa = PBXFileReference; lastKnownFileType = sourcecode.swift; path = ButtonExtensions.swift; sourceTree = "<group>"; };
		A4A0D9D72B0D194D002A0F7B /* SignupViewcontroller.swift */ = {isa = PBXFileReference; lastKnownFileType = sourcecode.swift; path = SignupViewcontroller.swift; sourceTree = "<group>"; };
		A4A0D9DE2B0D2E26002A0F7B /* UITextFieldExtensions.swift */ = {isa = PBXFileReference; lastKnownFileType = sourcecode.swift; path = UITextFieldExtensions.swift; sourceTree = "<group>"; };
		A4A0D9E02B0D32D5002A0F7B /* User.swift */ = {isa = PBXFileReference; lastKnownFileType = sourcecode.swift; path = User.swift; sourceTree = "<group>"; };
		A4A0D9E52B0D4B3F002A0F7B /* Dashboard.storyboard */ = {isa = PBXFileReference; lastKnownFileType = file.storyboard; path = Dashboard.storyboard; sourceTree = "<group>"; };
		A4A0D9E72B0D4B76002A0F7B /* DashboardViewController.swift */ = {isa = PBXFileReference; lastKnownFileType = sourcecode.swift; path = DashboardViewController.swift; sourceTree = "<group>"; };
		A4A0D9E92B0D54FD002A0F7B /* LatestNewsCollectionViewCell.swift */ = {isa = PBXFileReference; lastKnownFileType = sourcecode.swift; path = LatestNewsCollectionViewCell.swift; sourceTree = "<group>"; };
		A4A0D9EA2B0D54FD002A0F7B /* LatestNewsCollectionViewCell.xib */ = {isa = PBXFileReference; lastKnownFileType = file.xib; path = LatestNewsCollectionViewCell.xib; sourceTree = "<group>"; };
		A4A0D9ED2B0D55FA002A0F7B /* News.swift */ = {isa = PBXFileReference; lastKnownFileType = sourcecode.swift; path = News.swift; sourceTree = "<group>"; };
		A4A0D9EF2B0D57DE002A0F7B /* DashboardViewModel.swift */ = {isa = PBXFileReference; lastKnownFileType = sourcecode.swift; path = DashboardViewModel.swift; sourceTree = "<group>"; };
		A4A0D9F12B0D58B3002A0F7B /* APIService.swift */ = {isa = PBXFileReference; lastKnownFileType = sourcecode.swift; path = APIService.swift; sourceTree = "<group>"; };
		A4A0D9F32B0D6314002A0F7B /* LatestNewsDataSource.swift */ = {isa = PBXFileReference; lastKnownFileType = sourcecode.swift; path = LatestNewsDataSource.swift; sourceTree = "<group>"; };
		A4A0D9F52B0DC4A6002A0F7B /* NewsDetailViewController.swift */ = {isa = PBXFileReference; lastKnownFileType = sourcecode.swift; path = NewsDetailViewController.swift; sourceTree = "<group>"; };
		A4A0D9F72B0DC596002A0F7B /* ViewExtensions.swift */ = {isa = PBXFileReference; lastKnownFileType = sourcecode.swift; path = ViewExtensions.swift; sourceTree = "<group>"; };
		A4A0D9F92B0E6F44002A0F7B /* ButtonCollectionViewCell.swift */ = {isa = PBXFileReference; lastKnownFileType = sourcecode.swift; path = ButtonCollectionViewCell.swift; sourceTree = "<group>"; };
		A4A0D9FA2B0E6F44002A0F7B /* ButtonCollectionViewCell.xib */ = {isa = PBXFileReference; lastKnownFileType = file.xib; path = ButtonCollectionViewCell.xib; sourceTree = "<group>"; };
		A4A0D9FD2B0E7F01002A0F7B /* NewsTableViewCell.swift */ = {isa = PBXFileReference; lastKnownFileType = sourcecode.swift; path = NewsTableViewCell.swift; sourceTree = "<group>"; };
		A4A0D9FE2B0E7F01002A0F7B /* NewsTableViewCell.xib */ = {isa = PBXFileReference; lastKnownFileType = file.xib; path = NewsTableViewCell.xib; sourceTree = "<group>"; };
		A4A0DA012B0E8422002A0F7B /* FilteredNewsDataSource.swift */ = {isa = PBXFileReference; lastKnownFileType = sourcecode.swift; path = FilteredNewsDataSource.swift; sourceTree = "<group>"; };
		A4A0DA032B0E858A002A0F7B /* FilteredDashboardViewModel.swift */ = {isa = PBXFileReference; lastKnownFileType = sourcecode.swift; path = FilteredDashboardViewModel.swift; sourceTree = "<group>"; };
		A4A0DA052B0EA60B002A0F7B /* SearchViewController.swift */ = {isa = PBXFileReference; lastKnownFileType = sourcecode.swift; path = SearchViewController.swift; sourceTree = "<group>"; };
		A4A0DA072B0EC7EB002A0F7B /* FilterButtonCollectionViewCell.swift */ = {isa = PBXFileReference; lastKnownFileType = sourcecode.swift; path = FilterButtonCollectionViewCell.swift; sourceTree = "<group>"; };
		A4A0DA082B0EC7EB002A0F7B /* FilterButtonCollectionViewCell.xib */ = {isa = PBXFileReference; lastKnownFileType = file.xib; path = FilterButtonCollectionViewCell.xib; sourceTree = "<group>"; };
		A4A0DA0B2B0ECEEB002A0F7B /* Filter.swift */ = {isa = PBXFileReference; lastKnownFileType = sourcecode.swift; path = Filter.swift; sourceTree = "<group>"; };
		A4A0DA0D2B0F3901002A0F7B /* SearchViewModel.swift */ = {isa = PBXFileReference; lastKnownFileType = sourcecode.swift; path = SearchViewModel.swift; sourceTree = "<group>"; };
		A4A0DA0F2B0F3D3F002A0F7B /* SearchNewsDataSource.swift */ = {isa = PBXFileReference; lastKnownFileType = sourcecode.swift; path = SearchNewsDataSource.swift; sourceTree = "<group>"; };
/* End PBXFileReference section */

/* Begin PBXFrameworksBuildPhase section */
		A4A0D9322B0C74A3002A0F7B /* Frameworks */ = {
			isa = PBXFrameworksBuildPhase;
			buildActionMask = 2147483647;
			files = (
				A4A0D9E42B0D46A2002A0F7B /* RNCryptor in Frameworks */,
				A4A0D9D62B0D177A002A0F7B /* SDWebImage in Frameworks */,
			);
			runOnlyForDeploymentPostprocessing = 0;
		};
		A4A0D94B2B0C74A7002A0F7B /* Frameworks */ = {
			isa = PBXFrameworksBuildPhase;
			buildActionMask = 2147483647;
			files = (
			);
			runOnlyForDeploymentPostprocessing = 0;
		};
		A4A0D9552B0C74A7002A0F7B /* Frameworks */ = {
			isa = PBXFrameworksBuildPhase;
			buildActionMask = 2147483647;
			files = (
			);
			runOnlyForDeploymentPostprocessing = 0;
		};
/* End PBXFrameworksBuildPhase section */

/* Begin PBXGroup section */
		A4A0D92C2B0C74A3002A0F7B = {
			isa = PBXGroup;
			children = (
				A4A0D9372B0C74A3002A0F7B /* CaploitteNews */,
				A4A0D9512B0C74A7002A0F7B /* CaploitteNewsTests */,
				A4A0D95B2B0C74A7002A0F7B /* CaploitteNewsUITests */,
				A4A0D9362B0C74A3002A0F7B /* Products */,
			);
			sourceTree = "<group>";
		};
		A4A0D9362B0C74A3002A0F7B /* Products */ = {
			isa = PBXGroup;
			children = (
				A4A0D9352B0C74A3002A0F7B /* CaploitteNews.app */,
				A4A0D94E2B0C74A7002A0F7B /* CaploitteNewsTests.xctest */,
				A4A0D9582B0C74A7002A0F7B /* CaploitteNewsUITests.xctest */,
			);
			name = Products;
			sourceTree = "<group>";
		};
		A4A0D9372B0C74A3002A0F7B /* CaploitteNews */ = {
			isa = PBXGroup;
			children = (
				A4A0D96B2B0C7509002A0F7B /* API Service */,
				A4A0D96C2B0C7524002A0F7B /* ViewModels */,
				A4A0D96D2B0C7532002A0F7B /* Models */,
				A4A0D96E2B0C753F002A0F7B /* Common */,
				A4A0D96F2B0C7564002A0F7B /* Controllers */,
				A4A0D9DB2B0D1D77002A0F7B /* View */,
				A4A0D9702B0C8ABA002A0F7B /* Fonts */,
				A4A0D9BD2B0D1455002A0F7B /* Utills */,
				A4A0D9CF2B0D15D3002A0F7B /* Extensions */,
				A4A0D9442B0C74A7002A0F7B /* Assets.xcassets */,
				A4A0D9492B0C74A7002A0F7B /* Info.plist */,
				A4A0D9412B0C74A3002A0F7B /* CaploitteNews.xcdatamodeld */,
			);
			path = CaploitteNews;
			sourceTree = "<group>";
		};
		A4A0D9512B0C74A7002A0F7B /* CaploitteNewsTests */ = {
			isa = PBXGroup;
			children = (
				A4A0D9522B0C74A7002A0F7B /* CaploitteNewsTests.swift */,
			);
			path = CaploitteNewsTests;
			sourceTree = "<group>";
		};
		A4A0D95B2B0C74A7002A0F7B /* CaploitteNewsUITests */ = {
			isa = PBXGroup;
			children = (
				A4A0D95C2B0C74A7002A0F7B /* CaploitteNewsUITests.swift */,
				A4A0D95E2B0C74A7002A0F7B /* CaploitteNewsUITestsLaunchTests.swift */,
			);
			path = CaploitteNewsUITests;
			sourceTree = "<group>";
		};
		A4A0D96B2B0C7509002A0F7B /* API Service */ = {
			isa = PBXGroup;
			children = (
				A4A0D9F12B0D58B3002A0F7B /* APIService.swift */,
			);
			path = "API Service";
			sourceTree = "<group>";
		};
		A4A0D96C2B0C7524002A0F7B /* ViewModels */ = {
			isa = PBXGroup;
			children = (
				A4A0D9EF2B0D57DE002A0F7B /* DashboardViewModel.swift */,
				A4A0DA032B0E858A002A0F7B /* FilteredDashboardViewModel.swift */,
				A4A0D9F32B0D6314002A0F7B /* LatestNewsDataSource.swift */,
				A4A0DA012B0E8422002A0F7B /* FilteredNewsDataSource.swift */,
				A4A0DA0D2B0F3901002A0F7B /* SearchViewModel.swift */,
				A4A0DA0F2B0F3D3F002A0F7B /* SearchNewsDataSource.swift */,
			);
			path = ViewModels;
			sourceTree = "<group>";
		};
		A4A0D96D2B0C7532002A0F7B /* Models */ = {
			isa = PBXGroup;
			children = (
				A4A0D9E02B0D32D5002A0F7B /* User.swift */,
				A4A0D9ED2B0D55FA002A0F7B /* News.swift */,
				A4A0DA0B2B0ECEEB002A0F7B /* Filter.swift */,
			);
			path = Models;
			sourceTree = "<group>";
		};
		A4A0D96E2B0C753F002A0F7B /* Common */ = {
			isa = PBXGroup;
			children = (
				A4A0D9382B0C74A3002A0F7B /* AppDelegate.swift */,
				A4A0D93A2B0C74A3002A0F7B /* SceneDelegate.swift */,
			);
			path = Common;
			sourceTree = "<group>";
		};
		A4A0D96F2B0C7564002A0F7B /* Controllers */ = {
			isa = PBXGroup;
			children = (
				A4A0D93C2B0C74A3002A0F7B /* LoginViewController.swift */,
				A4A0D9D72B0D194D002A0F7B /* SignupViewcontroller.swift */,
				A4A0D9E72B0D4B76002A0F7B /* DashboardViewController.swift */,
				A4A0D9F52B0DC4A6002A0F7B /* NewsDetailViewController.swift */,
				A4A0DA052B0EA60B002A0F7B /* SearchViewController.swift */,
			);
			path = Controllers;
			sourceTree = "<group>";
		};
		A4A0D9702B0C8ABA002A0F7B /* Fonts */ = {
			isa = PBXGroup;
			children = (
				A4A0D9B12B0C8D86002A0F7B /* NewYorkMedium-Bold.ttf */,
				A4A0D9B22B0C8D86002A0F7B /* NewYorkMedium-Semibold.ttf */,
				A4A0D9762B0C8AD5002A0F7B /* Nunito-Black.ttf */,
				A4A0D9B92B0C8DE4002A0F7B /* Nunito-Light.ttf */,
				A4A0D9782B0C8AD5002A0F7B /* Nunito-Bold.ttf */,
				A4A0D97C2B0C8AD5002A0F7B /* Nunito-Medium.ttf */,
				A4A0D9732B0C8AD5002A0F7B /* Nunito-Regular.ttf */,
				A4A0D97E2B0C8AD5002A0F7B /* Nunito-SemiBold.ttf */,
			);
			path = Fonts;
			sourceTree = "<group>";
		};
		A4A0D9BD2B0D1455002A0F7B /* Utills */ = {
			isa = PBXGroup;
			children = (
				A4A0D9BF2B0D149D002A0F7B /* Constants.swift */,
				A4A0D9C32B0D1501002A0F7B /* AppFonts.swift */,
				A4A0D9C72B0D1543002A0F7B /* UsableFunctions.swift */,
				A4A0D9CB2B0D158E002A0F7B /* ViewControllerLocator.swift */,
			);
			path = Utills;
			sourceTree = "<group>";
		};
		A4A0D9CF2B0D15D3002A0F7B /* Extensions */ = {
			isa = PBXGroup;
			children = (
				A4A0D9D02B0D15FB002A0F7B /* ButtonExtensions.swift */,
				A4A0D9F72B0DC596002A0F7B /* ViewExtensions.swift */,
				A4A0D9DE2B0D2E26002A0F7B /* UITextFieldExtensions.swift */,
			);
			path = Extensions;
			sourceTree = "<group>";
		};
		A4A0D9DB2B0D1D77002A0F7B /* View */ = {
			isa = PBXGroup;
			children = (
				A4A0D9462B0C74A7002A0F7B /* LaunchScreen.storyboard */,
				A4A0D93E2B0C74A3002A0F7B /* Main.storyboard */,
				A4A0D9E52B0D4B3F002A0F7B /* Dashboard.storyboard */,
				A4A0D9E92B0D54FD002A0F7B /* LatestNewsCollectionViewCell.swift */,
				A4A0D9EA2B0D54FD002A0F7B /* LatestNewsCollectionViewCell.xib */,
				A4A0D9F92B0E6F44002A0F7B /* ButtonCollectionViewCell.swift */,
				A4A0D9FA2B0E6F44002A0F7B /* ButtonCollectionViewCell.xib */,
				A4A0DA072B0EC7EB002A0F7B /* FilterButtonCollectionViewCell.swift */,
				A4A0DA082B0EC7EB002A0F7B /* FilterButtonCollectionViewCell.xib */,
				A4A0D9FD2B0E7F01002A0F7B /* NewsTableViewCell.swift */,
				A4A0D9FE2B0E7F01002A0F7B /* NewsTableViewCell.xib */,
			);
			path = View;
			sourceTree = "<group>";
		};
/* End PBXGroup section */

/* Begin PBXNativeTarget section */
		A4A0D9342B0C74A3002A0F7B /* CaploitteNews */ = {
			isa = PBXNativeTarget;
			buildConfigurationList = A4A0D9622B0C74A7002A0F7B /* Build configuration list for PBXNativeTarget "CaploitteNews" */;
			buildPhases = (
				A4A0D9312B0C74A3002A0F7B /* Sources */,
				A4A0D9322B0C74A3002A0F7B /* Frameworks */,
				A4A0D9332B0C74A3002A0F7B /* Resources */,
			);
			buildRules = (
			);
			dependencies = (
			);
			name = CaploitteNews;
			packageProductDependencies = (
				A4A0D9D52B0D177A002A0F7B /* SDWebImage */,
				A4A0D9E32B0D46A2002A0F7B /* RNCryptor */,
			);
			productName = CaploitteNews;
			productReference = A4A0D9352B0C74A3002A0F7B /* CaploitteNews.app */;
			productType = "com.apple.product-type.application";
		};
		A4A0D94D2B0C74A7002A0F7B /* CaploitteNewsTests */ = {
			isa = PBXNativeTarget;
			buildConfigurationList = A4A0D9652B0C74A7002A0F7B /* Build configuration list for PBXNativeTarget "CaploitteNewsTests" */;
			buildPhases = (
				A4A0D94A2B0C74A7002A0F7B /* Sources */,
				A4A0D94B2B0C74A7002A0F7B /* Frameworks */,
				A4A0D94C2B0C74A7002A0F7B /* Resources */,
			);
			buildRules = (
			);
			dependencies = (
				A4A0D9502B0C74A7002A0F7B /* PBXTargetDependency */,
			);
			name = CaploitteNewsTests;
			productName = CaploitteNewsTests;
			productReference = A4A0D94E2B0C74A7002A0F7B /* CaploitteNewsTests.xctest */;
			productType = "com.apple.product-type.bundle.unit-test";
		};
		A4A0D9572B0C74A7002A0F7B /* CaploitteNewsUITests */ = {
			isa = PBXNativeTarget;
			buildConfigurationList = A4A0D9682B0C74A7002A0F7B /* Build configuration list for PBXNativeTarget "CaploitteNewsUITests" */;
			buildPhases = (
				A4A0D9542B0C74A7002A0F7B /* Sources */,
				A4A0D9552B0C74A7002A0F7B /* Frameworks */,
				A4A0D9562B0C74A7002A0F7B /* Resources */,
			);
			buildRules = (
			);
			dependencies = (
				A4A0D95A2B0C74A7002A0F7B /* PBXTargetDependency */,
			);
			name = CaploitteNewsUITests;
			productName = CaploitteNewsUITests;
			productReference = A4A0D9582B0C74A7002A0F7B /* CaploitteNewsUITests.xctest */;
			productType = "com.apple.product-type.bundle.ui-testing";
		};
/* End PBXNativeTarget section */

/* Begin PBXProject section */
		A4A0D92D2B0C74A3002A0F7B /* Project object */ = {
			isa = PBXProject;
			attributes = {
				BuildIndependentTargetsInParallel = 1;
				LastSwiftUpdateCheck = 1400;
				LastUpgradeCheck = 1400;
				TargetAttributes = {
					A4A0D9342B0C74A3002A0F7B = {
						CreatedOnToolsVersion = 14.0;
					};
					A4A0D94D2B0C74A7002A0F7B = {
						CreatedOnToolsVersion = 14.0;
						TestTargetID = A4A0D9342B0C74A3002A0F7B;
					};
					A4A0D9572B0C74A7002A0F7B = {
						CreatedOnToolsVersion = 14.0;
						TestTargetID = A4A0D9342B0C74A3002A0F7B;
					};
				};
			};
			buildConfigurationList = A4A0D9302B0C74A3002A0F7B /* Build configuration list for PBXProject "CaploitteNews" */;
			compatibilityVersion = "Xcode 14.0";
			developmentRegion = en;
			hasScannedForEncodings = 0;
			knownRegions = (
				en,
				Base,
			);
			mainGroup = A4A0D92C2B0C74A3002A0F7B;
			packageReferences = (
				A4A0D9D42B0D177A002A0F7B /* XCRemoteSwiftPackageReference "SDWebImage" */,
				A4A0D9E22B0D46A2002A0F7B /* XCRemoteSwiftPackageReference "RNCryptor" */,
			);
			productRefGroup = A4A0D9362B0C74A3002A0F7B /* Products */;
			projectDirPath = "";
			projectRoot = "";
			targets = (
				A4A0D9342B0C74A3002A0F7B /* CaploitteNews */,
				A4A0D94D2B0C74A7002A0F7B /* CaploitteNewsTests */,
				A4A0D9572B0C74A7002A0F7B /* CaploitteNewsUITests */,
			);
		};
/* End PBXProject section */

/* Begin PBXResourcesBuildPhase section */
		A4A0D9332B0C74A3002A0F7B /* Resources */ = {
			isa = PBXResourcesBuildPhase;
			buildActionMask = 2147483647;
			files = (
				A4A0D9FC2B0E6F44002A0F7B /* ButtonCollectionViewCell.xib in Resources */,
				A4A0D9872B0C8AD5002A0F7B /* Nunito-Regular.ttf in Resources */,
				A4A0D9A82B0C8AD6002A0F7B /* Nunito-SemiBold.ttf in Resources */,
				A4A0D9482B0C74A7002A0F7B /* LaunchScreen.storyboard in Resources */,
				A4A0DA002B0E7F01002A0F7B /* NewsTableViewCell.xib in Resources */,
				A4A0D9452B0C74A7002A0F7B /* Assets.xcassets in Resources */,
				A4A0D9BA2B0C8DE4002A0F7B /* Nunito-Light.ttf in Resources */,
				A4A0D9962B0C8AD6002A0F7B /* Nunito-Bold.ttf in Resources */,
				A4A0D9402B0C74A3002A0F7B /* Main.storyboard in Resources */,
				A4A0D9EC2B0D54FD002A0F7B /* LatestNewsCollectionViewCell.xib in Resources */,
				A4A0D9E62B0D4B3F002A0F7B /* Dashboard.storyboard in Resources */,
				A4A0D9B32B0C8D86002A0F7B /* NewYorkMedium-Bold.ttf in Resources */,
				A4A0DA0A2B0EC7EB002A0F7B /* FilterButtonCollectionViewCell.xib in Resources */,
				A4A0D9902B0C8AD6002A0F7B /* Nunito-Black.ttf in Resources */,
				A4A0D9B62B0C8D86002A0F7B /* NewYorkMedium-Semibold.ttf in Resources */,
				A4A0D9A22B0C8AD6002A0F7B /* Nunito-Medium.ttf in Resources */,
			);
			runOnlyForDeploymentPostprocessing = 0;
		};
		A4A0D94C2B0C74A7002A0F7B /* Resources */ = {
			isa = PBXResourcesBuildPhase;
			buildActionMask = 2147483647;
			files = (
				A4A0D9B42B0C8D86002A0F7B /* NewYorkMedium-Bold.ttf in Resources */,
				A4A0D9A92B0C8AD6002A0F7B /* Nunito-SemiBold.ttf in Resources */,
				A4A0D9882B0C8AD5002A0F7B /* Nunito-Regular.ttf in Resources */,
				A4A0D9A32B0C8AD6002A0F7B /* Nunito-Medium.ttf in Resources */,
				A4A0D9B72B0C8D86002A0F7B /* NewYorkMedium-Semibold.ttf in Resources */,
				A4A0D9972B0C8AD6002A0F7B /* Nunito-Bold.ttf in Resources */,
				A4A0D9BB2B0C8DE4002A0F7B /* Nunito-Light.ttf in Resources */,
				A4A0D9DC2B0D29E9002A0F7B /* Assets.xcassets in Resources */,
				A4A0D9912B0C8AD6002A0F7B /* Nunito-Black.ttf in Resources */,
			);
			runOnlyForDeploymentPostprocessing = 0;
		};
		A4A0D9562B0C74A7002A0F7B /* Resources */ = {
			isa = PBXResourcesBuildPhase;
			buildActionMask = 2147483647;
			files = (
				A4A0D9B52B0C8D86002A0F7B /* NewYorkMedium-Bold.ttf in Resources */,
				A4A0D9AA2B0C8AD6002A0F7B /* Nunito-SemiBold.ttf in Resources */,
				A4A0D9892B0C8AD5002A0F7B /* Nunito-Regular.ttf in Resources */,
				A4A0D9A42B0C8AD6002A0F7B /* Nunito-Medium.ttf in Resources */,
				A4A0D9B82B0C8D86002A0F7B /* NewYorkMedium-Semibold.ttf in Resources */,
				A4A0D9982B0C8AD6002A0F7B /* Nunito-Bold.ttf in Resources */,
				A4A0D9BC2B0C8DE4002A0F7B /* Nunito-Light.ttf in Resources */,
				A4A0D9DD2B0D29EA002A0F7B /* Assets.xcassets in Resources */,
				A4A0D9922B0C8AD6002A0F7B /* Nunito-Black.ttf in Resources */,
			);
			runOnlyForDeploymentPostprocessing = 0;
		};
/* End PBXResourcesBuildPhase section */

/* Begin PBXSourcesBuildPhase section */
		A4A0D9312B0C74A3002A0F7B /* Sources */ = {
			isa = PBXSourcesBuildPhase;
			buildActionMask = 2147483647;
			files = (
				A4A0D9F22B0D58B3002A0F7B /* APIService.swift in Sources */,
				A4A0D9D82B0D194D002A0F7B /* SignupViewcontroller.swift in Sources */,
				A4A0D9C42B0D1501002A0F7B /* AppFonts.swift in Sources */,
				A4A0D9CC2B0D158E002A0F7B /* ViewControllerLocator.swift in Sources */,
				A4A0DA042B0E858A002A0F7B /* FilteredDashboardViewModel.swift in Sources */,
				A4A0D9EE2B0D55FA002A0F7B /* News.swift in Sources */,
				A4A0DA102B0F3D3F002A0F7B /* SearchNewsDataSource.swift in Sources */,
				A4A0D9DF2B0D2E26002A0F7B /* UITextFieldExtensions.swift in Sources */,
				A4A0D9C02B0D149D002A0F7B /* Constants.swift in Sources */,
				A4A0DA092B0EC7EB002A0F7B /* FilterButtonCollectionViewCell.swift in Sources */,
				A4A0D9D12B0D15FB002A0F7B /* ButtonExtensions.swift in Sources */,
				A4A0D9F02B0D57DE002A0F7B /* DashboardViewModel.swift in Sources */,
				A4A0D9C82B0D1543002A0F7B /* UsableFunctions.swift in Sources */,
				A4A0D9E82B0D4B76002A0F7B /* DashboardViewController.swift in Sources */,
				A4A0D9432B0C74A3002A0F7B /* CaploitteNews.xcdatamodeld in Sources */,
				A4A0D9FF2B0E7F01002A0F7B /* NewsTableViewCell.swift in Sources */,
				A4A0D9E12B0D32D5002A0F7B /* User.swift in Sources */,
				A4A0DA062B0EA60B002A0F7B /* SearchViewController.swift in Sources */,
				A4A0D9EB2B0D54FD002A0F7B /* LatestNewsCollectionViewCell.swift in Sources */,
				A4A0DA022B0E8422002A0F7B /* FilteredNewsDataSource.swift in Sources */,
				A4A0D9F42B0D6314002A0F7B /* LatestNewsDataSource.swift in Sources */,
				A4A0D93D2B0C74A3002A0F7B /* LoginViewController.swift in Sources */,
				A4A0D9392B0C74A3002A0F7B /* AppDelegate.swift in Sources */,
				A4A0DA0E2B0F3901002A0F7B /* SearchViewModel.swift in Sources */,
				A4A0D93B2B0C74A3002A0F7B /* SceneDelegate.swift in Sources */,
				A4A0D9F82B0DC596002A0F7B /* ViewExtensions.swift in Sources */,
				A4A0D9FB2B0E6F44002A0F7B /* ButtonCollectionViewCell.swift in Sources */,
				A4A0DA0C2B0ECEEB002A0F7B /* Filter.swift in Sources */,
				A4A0D9F62B0DC4A6002A0F7B /* NewsDetailViewController.swift in Sources */,
			);
			runOnlyForDeploymentPostprocessing = 0;
		};
		A4A0D94A2B0C74A7002A0F7B /* Sources */ = {
			isa = PBXSourcesBuildPhase;
			buildActionMask = 2147483647;
			files = (
				A4A0D9C52B0D1501002A0F7B /* AppFonts.swift in Sources */,
				A4A0D9C92B0D1543002A0F7B /* UsableFunctions.swift in Sources */,
				A4A0D9532B0C74A7002A0F7B /* CaploitteNewsTests.swift in Sources */,
				A4A0D9D22B0D15FB002A0F7B /* ButtonExtensions.swift in Sources */,
				A4A0D9D92B0D194D002A0F7B /* SignupViewcontroller.swift in Sources */,
				A4A0D9C12B0D149D002A0F7B /* Constants.swift in Sources */,
				A4A0D9CD2B0D158E002A0F7B /* ViewControllerLocator.swift in Sources */,
			);
			runOnlyForDeploymentPostprocessing = 0;
		};
		A4A0D9542B0C74A7002A0F7B /* Sources */ = {
			isa = PBXSourcesBuildPhase;
			buildActionMask = 2147483647;
			files = (
				A4A0D9D32B0D15FB002A0F7B /* ButtonExtensions.swift in Sources */,
				A4A0D9CA2B0D1543002A0F7B /* UsableFunctions.swift in Sources */,
				A4A0D9DA2B0D194D002A0F7B /* SignupViewcontroller.swift in Sources */,
				A4A0D9C62B0D1501002A0F7B /* AppFonts.swift in Sources */,
				A4A0D95D2B0C74A7002A0F7B /* CaploitteNewsUITests.swift in Sources */,
				A4A0D9CE2B0D158E002A0F7B /* ViewControllerLocator.swift in Sources */,
				A4A0D95F2B0C74A7002A0F7B /* CaploitteNewsUITestsLaunchTests.swift in Sources */,
				A4A0D9C22B0D149D002A0F7B /* Constants.swift in Sources */,
			);
			runOnlyForDeploymentPostprocessing = 0;
		};
/* End PBXSourcesBuildPhase section */

/* Begin PBXTargetDependency section */
		A4A0D9502B0C74A7002A0F7B /* PBXTargetDependency */ = {
			isa = PBXTargetDependency;
			target = A4A0D9342B0C74A3002A0F7B /* CaploitteNews */;
			targetProxy = A4A0D94F2B0C74A7002A0F7B /* PBXContainerItemProxy */;
		};
		A4A0D95A2B0C74A7002A0F7B /* PBXTargetDependency */ = {
			isa = PBXTargetDependency;
			target = A4A0D9342B0C74A3002A0F7B /* CaploitteNews */;
			targetProxy = A4A0D9592B0C74A7002A0F7B /* PBXContainerItemProxy */;
		};
/* End PBXTargetDependency section */

/* Begin PBXVariantGroup section */
		A4A0D93E2B0C74A3002A0F7B /* Main.storyboard */ = {
			isa = PBXVariantGroup;
			children = (
				A4A0D93F2B0C74A3002A0F7B /* Base */,
			);
			name = Main.storyboard;
			sourceTree = "<group>";
		};
		A4A0D9462B0C74A7002A0F7B /* LaunchScreen.storyboard */ = {
			isa = PBXVariantGroup;
			children = (
				A4A0D9472B0C74A7002A0F7B /* Base */,
			);
			name = LaunchScreen.storyboard;
			sourceTree = "<group>";
		};
/* End PBXVariantGroup section */

/* Begin XCBuildConfiguration section */
		A4A0D9602B0C74A7002A0F7B /* Debug */ = {
			isa = XCBuildConfiguration;
			buildSettings = {
				ALWAYS_SEARCH_USER_PATHS = NO;
				CLANG_ANALYZER_NONNULL = YES;
				CLANG_ANALYZER_NUMBER_OBJECT_CONVERSION = YES_AGGRESSIVE;
				CLANG_CXX_LANGUAGE_STANDARD = "gnu++20";
				CLANG_ENABLE_MODULES = YES;
				CLANG_ENABLE_OBJC_ARC = YES;
				CLANG_ENABLE_OBJC_WEAK = YES;
				CLANG_WARN_BLOCK_CAPTURE_AUTORELEASING = YES;
				CLANG_WARN_BOOL_CONVERSION = YES;
				CLANG_WARN_COMMA = YES;
				CLANG_WARN_CONSTANT_CONVERSION = YES;
				CLANG_WARN_DEPRECATED_OBJC_IMPLEMENTATIONS = YES;
				CLANG_WARN_DIRECT_OBJC_ISA_USAGE = YES_ERROR;
				CLANG_WARN_DOCUMENTATION_COMMENTS = YES;
				CLANG_WARN_EMPTY_BODY = YES;
				CLANG_WARN_ENUM_CONVERSION = YES;
				CLANG_WARN_INFINITE_RECURSION = YES;
				CLANG_WARN_INT_CONVERSION = YES;
				CLANG_WARN_NON_LITERAL_NULL_CONVERSION = YES;
				CLANG_WARN_OBJC_IMPLICIT_RETAIN_SELF = YES;
				CLANG_WARN_OBJC_LITERAL_CONVERSION = YES;
				CLANG_WARN_OBJC_ROOT_CLASS = YES_ERROR;
				CLANG_WARN_QUOTED_INCLUDE_IN_FRAMEWORK_HEADER = YES;
				CLANG_WARN_RANGE_LOOP_ANALYSIS = YES;
				CLANG_WARN_STRICT_PROTOTYPES = YES;
				CLANG_WARN_SUSPICIOUS_MOVE = YES;
				CLANG_WARN_UNGUARDED_AVAILABILITY = YES_AGGRESSIVE;
				CLANG_WARN_UNREACHABLE_CODE = YES;
				CLANG_WARN__DUPLICATE_METHOD_MATCH = YES;
				COPY_PHASE_STRIP = NO;
				DEBUG_INFORMATION_FORMAT = dwarf;
				ENABLE_STRICT_OBJC_MSGSEND = YES;
				ENABLE_TESTABILITY = YES;
				GCC_C_LANGUAGE_STANDARD = gnu11;
				GCC_DYNAMIC_NO_PIC = NO;
				GCC_NO_COMMON_BLOCKS = YES;
				GCC_OPTIMIZATION_LEVEL = 0;
				GCC_PREPROCESSOR_DEFINITIONS = (
					"DEBUG=1",
					"$(inherited)",
				);
				GCC_WARN_64_TO_32_BIT_CONVERSION = YES;
				GCC_WARN_ABOUT_RETURN_TYPE = YES_ERROR;
				GCC_WARN_UNDECLARED_SELECTOR = YES;
				GCC_WARN_UNINITIALIZED_AUTOS = YES_AGGRESSIVE;
				GCC_WARN_UNUSED_FUNCTION = YES;
				GCC_WARN_UNUSED_VARIABLE = YES;
				IPHONEOS_DEPLOYMENT_TARGET = 16.0;
				MTL_ENABLE_DEBUG_INFO = INCLUDE_SOURCE;
				MTL_FAST_MATH = YES;
				ONLY_ACTIVE_ARCH = YES;
				SDKROOT = iphoneos;
				SWIFT_ACTIVE_COMPILATION_CONDITIONS = DEBUG;
				SWIFT_OPTIMIZATION_LEVEL = "-Onone";
			};
			name = Debug;
		};
		A4A0D9612B0C74A7002A0F7B /* Release */ = {
			isa = XCBuildConfiguration;
			buildSettings = {
				ALWAYS_SEARCH_USER_PATHS = NO;
				CLANG_ANALYZER_NONNULL = YES;
				CLANG_ANALYZER_NUMBER_OBJECT_CONVERSION = YES_AGGRESSIVE;
				CLANG_CXX_LANGUAGE_STANDARD = "gnu++20";
				CLANG_ENABLE_MODULES = YES;
				CLANG_ENABLE_OBJC_ARC = YES;
				CLANG_ENABLE_OBJC_WEAK = YES;
				CLANG_WARN_BLOCK_CAPTURE_AUTORELEASING = YES;
				CLANG_WARN_BOOL_CONVERSION = YES;
				CLANG_WARN_COMMA = YES;
				CLANG_WARN_CONSTANT_CONVERSION = YES;
				CLANG_WARN_DEPRECATED_OBJC_IMPLEMENTATIONS = YES;
				CLANG_WARN_DIRECT_OBJC_ISA_USAGE = YES_ERROR;
				CLANG_WARN_DOCUMENTATION_COMMENTS = YES;
				CLANG_WARN_EMPTY_BODY = YES;
				CLANG_WARN_ENUM_CONVERSION = YES;
				CLANG_WARN_INFINITE_RECURSION = YES;
				CLANG_WARN_INT_CONVERSION = YES;
				CLANG_WARN_NON_LITERAL_NULL_CONVERSION = YES;
				CLANG_WARN_OBJC_IMPLICIT_RETAIN_SELF = YES;
				CLANG_WARN_OBJC_LITERAL_CONVERSION = YES;
				CLANG_WARN_OBJC_ROOT_CLASS = YES_ERROR;
				CLANG_WARN_QUOTED_INCLUDE_IN_FRAMEWORK_HEADER = YES;
				CLANG_WARN_RANGE_LOOP_ANALYSIS = YES;
				CLANG_WARN_STRICT_PROTOTYPES = YES;
				CLANG_WARN_SUSPICIOUS_MOVE = YES;
				CLANG_WARN_UNGUARDED_AVAILABILITY = YES_AGGRESSIVE;
				CLANG_WARN_UNREACHABLE_CODE = YES;
				CLANG_WARN__DUPLICATE_METHOD_MATCH = YES;
				COPY_PHASE_STRIP = NO;
				DEBUG_INFORMATION_FORMAT = "dwarf-with-dsym";
				ENABLE_NS_ASSERTIONS = NO;
				ENABLE_STRICT_OBJC_MSGSEND = YES;
				GCC_C_LANGUAGE_STANDARD = gnu11;
				GCC_NO_COMMON_BLOCKS = YES;
				GCC_WARN_64_TO_32_BIT_CONVERSION = YES;
				GCC_WARN_ABOUT_RETURN_TYPE = YES_ERROR;
				GCC_WARN_UNDECLARED_SELECTOR = YES;
				GCC_WARN_UNINITIALIZED_AUTOS = YES_AGGRESSIVE;
				GCC_WARN_UNUSED_FUNCTION = YES;
				GCC_WARN_UNUSED_VARIABLE = YES;
				IPHONEOS_DEPLOYMENT_TARGET = 16.0;
				MTL_ENABLE_DEBUG_INFO = NO;
				MTL_FAST_MATH = YES;
				SDKROOT = iphoneos;
				SWIFT_COMPILATION_MODE = wholemodule;
				SWIFT_OPTIMIZATION_LEVEL = "-O";
				VALIDATE_PRODUCT = YES;
			};
			name = Release;
		};
		A4A0D9632B0C74A7002A0F7B /* Debug */ = {
			isa = XCBuildConfiguration;
			buildSettings = {
				ASSETCATALOG_COMPILER_APPICON_NAME = AppIcon;
				ASSETCATALOG_COMPILER_GLOBAL_ACCENT_COLOR_NAME = AccentColor;
				CODE_SIGN_STYLE = Automatic;
				CURRENT_PROJECT_VERSION = 1;
				DEVELOPMENT_TEAM = RE53Y2ZN4H;
				GENERATE_INFOPLIST_FILE = YES;
				INFOPLIST_FILE = CaploitteNews/Info.plist;
				INFOPLIST_KEY_CFBundleDisplayName = "Caploitte News";
				INFOPLIST_KEY_LSApplicationCategoryType = "public.app-category.news";
				INFOPLIST_KEY_UIApplicationSupportsIndirectInputEvents = YES;
				INFOPLIST_KEY_UILaunchStoryboardName = LaunchScreen;
				INFOPLIST_KEY_UIMainStoryboardFile = Main;
				INFOPLIST_KEY_UIStatusBarStyle = "";
				INFOPLIST_KEY_UISupportedInterfaceOrientations = UIInterfaceOrientationPortrait;
				LD_RUNPATH_SEARCH_PATHS = (
					"$(inherited)",
					"@executable_path/Frameworks",
				);
				MARKETING_VERSION = 1.0;
				PRODUCT_BUNDLE_IDENTIFIER = com.gankewala.CaploitteNews;
				PRODUCT_NAME = "$(TARGET_NAME)";
				SWIFT_EMIT_LOC_STRINGS = YES;
				SWIFT_VERSION = 5.0;
				TARGETED_DEVICE_FAMILY = "1,2";
			};
			name = Debug;
		};
		A4A0D9642B0C74A7002A0F7B /* Release */ = {
			isa = XCBuildConfiguration;
			buildSettings = {
				ASSETCATALOG_COMPILER_APPICON_NAME = AppIcon;
				ASSETCATALOG_COMPILER_GLOBAL_ACCENT_COLOR_NAME = AccentColor;
				CODE_SIGN_STYLE = Automatic;
				CURRENT_PROJECT_VERSION = 1;
				DEVELOPMENT_TEAM = RE53Y2ZN4H;
				GENERATE_INFOPLIST_FILE = YES;
				INFOPLIST_FILE = CaploitteNews/Info.plist;
				INFOPLIST_KEY_CFBundleDisplayName = "Caploitte News";
				INFOPLIST_KEY_LSApplicationCategoryType = "public.app-category.news";
				INFOPLIST_KEY_UIApplicationSupportsIndirectInputEvents = YES;
				INFOPLIST_KEY_UILaunchStoryboardName = LaunchScreen;
				INFOPLIST_KEY_UIMainStoryboardFile = Main;
				INFOPLIST_KEY_UIStatusBarStyle = "";
				INFOPLIST_KEY_UISupportedInterfaceOrientations = UIInterfaceOrientationPortrait;
				LD_RUNPATH_SEARCH_PATHS = (
					"$(inherited)",
					"@executable_path/Frameworks",
				);
				MARKETING_VERSION = 1.0;
				PRODUCT_BUNDLE_IDENTIFIER = com.gankewala.CaploitteNews;
				PRODUCT_NAME = "$(TARGET_NAME)";
				SWIFT_EMIT_LOC_STRINGS = YES;
				SWIFT_VERSION = 5.0;
				TARGETED_DEVICE_FAMILY = "1,2";
			};
			name = Release;
		};
		A4A0D9662B0C74A7002A0F7B /* Debug */ = {
			isa = XCBuildConfiguration;
			buildSettings = {
				ALWAYS_EMBED_SWIFT_STANDARD_LIBRARIES = YES;
				BUNDLE_LOADER = "$(TEST_HOST)";
				CODE_SIGN_STYLE = Automatic;
				CURRENT_PROJECT_VERSION = 1;
				DEVELOPMENT_TEAM = RE53Y2ZN4H;
				GENERATE_INFOPLIST_FILE = YES;
				IPHONEOS_DEPLOYMENT_TARGET = 16.0;
				MARKETING_VERSION = 1.0;
				PRODUCT_BUNDLE_IDENTIFIER = com.gankewala.CaploitteNewsTests;
				PRODUCT_NAME = "$(TARGET_NAME)";
				SWIFT_EMIT_LOC_STRINGS = NO;
				SWIFT_VERSION = 5.0;
				TARGETED_DEVICE_FAMILY = "1,2";
				TEST_HOST = "$(BUILT_PRODUCTS_DIR)/CaploitteNews.app/$(BUNDLE_EXECUTABLE_FOLDER_PATH)/CaploitteNews";
			};
			name = Debug;
		};
		A4A0D9672B0C74A7002A0F7B /* Release */ = {
			isa = XCBuildConfiguration;
			buildSettings = {
				ALWAYS_EMBED_SWIFT_STANDARD_LIBRARIES = YES;
				BUNDLE_LOADER = "$(TEST_HOST)";
				CODE_SIGN_STYLE = Automatic;
				CURRENT_PROJECT_VERSION = 1;
				DEVELOPMENT_TEAM = RE53Y2ZN4H;
				GENERATE_INFOPLIST_FILE = YES;
				IPHONEOS_DEPLOYMENT_TARGET = 16.0;
				MARKETING_VERSION = 1.0;
				PRODUCT_BUNDLE_IDENTIFIER = com.gankewala.CaploitteNewsTests;
				PRODUCT_NAME = "$(TARGET_NAME)";
				SWIFT_EMIT_LOC_STRINGS = NO;
				SWIFT_VERSION = 5.0;
				TARGETED_DEVICE_FAMILY = "1,2";
				TEST_HOST = "$(BUILT_PRODUCTS_DIR)/CaploitteNews.app/$(BUNDLE_EXECUTABLE_FOLDER_PATH)/CaploitteNews";
			};
			name = Release;
		};
		A4A0D9692B0C74A7002A0F7B /* Debug */ = {
			isa = XCBuildConfiguration;
			buildSettings = {
				ALWAYS_EMBED_SWIFT_STANDARD_LIBRARIES = YES;
				CODE_SIGN_STYLE = Automatic;
				CURRENT_PROJECT_VERSION = 1;
				DEVELOPMENT_TEAM = RE53Y2ZN4H;
				GENERATE_INFOPLIST_FILE = YES;
				MARKETING_VERSION = 1.0;
				PRODUCT_BUNDLE_IDENTIFIER = com.gankewala.CaploitteNewsUITests;
				PRODUCT_NAME = "$(TARGET_NAME)";
				SWIFT_EMIT_LOC_STRINGS = NO;
				SWIFT_VERSION = 5.0;
				TARGETED_DEVICE_FAMILY = "1,2";
				TEST_TARGET_NAME = CaploitteNews;
			};
			name = Debug;
		};
		A4A0D96A2B0C74A7002A0F7B /* Release */ = {
			isa = XCBuildConfiguration;
			buildSettings = {
				ALWAYS_EMBED_SWIFT_STANDARD_LIBRARIES = YES;
				CODE_SIGN_STYLE = Automatic;
				CURRENT_PROJECT_VERSION = 1;
				DEVELOPMENT_TEAM = RE53Y2ZN4H;
				GENERATE_INFOPLIST_FILE = YES;
				MARKETING_VERSION = 1.0;
				PRODUCT_BUNDLE_IDENTIFIER = com.gankewala.CaploitteNewsUITests;
				PRODUCT_NAME = "$(TARGET_NAME)";
				SWIFT_EMIT_LOC_STRINGS = NO;
				SWIFT_VERSION = 5.0;
				TARGETED_DEVICE_FAMILY = "1,2";
				TEST_TARGET_NAME = CaploitteNews;
			};
			name = Release;
		};
/* End XCBuildConfiguration section */

/* Begin XCConfigurationList section */
		A4A0D9302B0C74A3002A0F7B /* Build configuration list for PBXProject "CaploitteNews" */ = {
			isa = XCConfigurationList;
			buildConfigurations = (
				A4A0D9602B0C74A7002A0F7B /* Debug */,
				A4A0D9612B0C74A7002A0F7B /* Release */,
			);
			defaultConfigurationIsVisible = 0;
			defaultConfigurationName = Release;
		};
		A4A0D9622B0C74A7002A0F7B /* Build configuration list for PBXNativeTarget "CaploitteNews" */ = {
			isa = XCConfigurationList;
			buildConfigurations = (
				A4A0D9632B0C74A7002A0F7B /* Debug */,
				A4A0D9642B0C74A7002A0F7B /* Release */,
			);
			defaultConfigurationIsVisible = 0;
			defaultConfigurationName = Release;
		};
		A4A0D9652B0C74A7002A0F7B /* Build configuration list for PBXNativeTarget "CaploitteNewsTests" */ = {
			isa = XCConfigurationList;
			buildConfigurations = (
				A4A0D9662B0C74A7002A0F7B /* Debug */,
				A4A0D9672B0C74A7002A0F7B /* Release */,
			);
			defaultConfigurationIsVisible = 0;
			defaultConfigurationName = Release;
		};
		A4A0D9682B0C74A7002A0F7B /* Build configuration list for PBXNativeTarget "CaploitteNewsUITests" */ = {
			isa = XCConfigurationList;
			buildConfigurations = (
				A4A0D9692B0C74A7002A0F7B /* Debug */,
				A4A0D96A2B0C74A7002A0F7B /* Release */,
			);
			defaultConfigurationIsVisible = 0;
			defaultConfigurationName = Release;
		};
/* End XCConfigurationList section */

/* Begin XCRemoteSwiftPackageReference section */
		A4A0D9D42B0D177A002A0F7B /* XCRemoteSwiftPackageReference "SDWebImage" */ = {
			isa = XCRemoteSwiftPackageReference;
			repositoryURL = "https://github.com/SDWebImage/SDWebImage.git";
			requirement = {
				kind = upToNextMajorVersion;
				minimumVersion = 5.0.0;
			};
		};
		A4A0D9E22B0D46A2002A0F7B /* XCRemoteSwiftPackageReference "RNCryptor" */ = {
			isa = XCRemoteSwiftPackageReference;
			repositoryURL = "https://github.com/RNCryptor/RNCryptor.git";
			requirement = {
				kind = upToNextMajorVersion;
				minimumVersion = 5.0.0;
			};
		};
/* End XCRemoteSwiftPackageReference section */

/* Begin XCSwiftPackageProductDependency section */
		A4A0D9D52B0D177A002A0F7B /* SDWebImage */ = {
			isa = XCSwiftPackageProductDependency;
			package = A4A0D9D42B0D177A002A0F7B /* XCRemoteSwiftPackageReference "SDWebImage" */;
			productName = SDWebImage;
		};
		A4A0D9E32B0D46A2002A0F7B /* RNCryptor */ = {
			isa = XCSwiftPackageProductDependency;
			package = A4A0D9E22B0D46A2002A0F7B /* XCRemoteSwiftPackageReference "RNCryptor" */;
			productName = RNCryptor;
		};
/* End XCSwiftPackageProductDependency section */

/* Begin XCVersionGroup section */
		A4A0D9412B0C74A3002A0F7B /* CaploitteNews.xcdatamodeld */ = {
			isa = XCVersionGroup;
			children = (
				A4A0D9422B0C74A3002A0F7B /* CaploitteNews.xcdatamodel */,
			);
			currentVersion = A4A0D9422B0C74A3002A0F7B /* CaploitteNews.xcdatamodel */;
			path = CaploitteNews.xcdatamodeld;
			sourceTree = "<group>";
			versionGroupType = wrapper.xcdatamodel;
		};
/* End XCVersionGroup section */
	};
	rootObject = A4A0D92D2B0C74A3002A0F7B /* Project object */;
}
